// !$*UTF8*$!
{
	archiveVersion = 1;
	classes = {
	};
	objectVersion = 50;
	objects = {

/* Begin PBXBuildFile section */
		070C066424738DDB00CB5168 /* SettingsLogic.swift in Sources */ = {isa = PBXBuildFile; fileRef = 070C066324738DDB00CB5168 /* SettingsLogic.swift */; };
		070C06692473A20800CB5168 /* HomeView.swift in Sources */ = {isa = PBXBuildFile; fileRef = 070C06682473A20800CB5168 /* HomeView.swift */; };
		070C066B2473A2FA00CB5168 /* SetupView.swift in Sources */ = {isa = PBXBuildFile; fileRef = 070C066A2473A2FA00CB5168 /* SetupView.swift */; };
		070C066F24741BED00CB5168 /* Enums.swift in Sources */ = {isa = PBXBuildFile; fileRef = 070C066E24741BED00CB5168 /* Enums.swift */; };
		070C06742474204000CB5168 /* MenuView.swift in Sources */ = {isa = PBXBuildFile; fileRef = 070C06732474204000CB5168 /* MenuView.swift */; };
		070C0676247424DC00CB5168 /* EscapeRoomWindow.swift in Sources */ = {isa = PBXBuildFile; fileRef = 070C0675247424DC00CB5168 /* EscapeRoomWindow.swift */; };
		070C0678247447CF00CB5168 /* InventoryItemView.swift in Sources */ = {isa = PBXBuildFile; fileRef = 070C0677247447CF00CB5168 /* InventoryItemView.swift */; };
		070C067A247448C800CB5168 /* LogsView.swift in Sources */ = {isa = PBXBuildFile; fileRef = 070C0679247448C700CB5168 /* LogsView.swift */; };
		070C067C24744A5F00CB5168 /* DurationSettingsView.swift in Sources */ = {isa = PBXBuildFile; fileRef = 070C067B24744A5E00CB5168 /* DurationSettingsView.swift */; };
		070C067E24744A6A00CB5168 /* InventorySettingsView.swift in Sources */ = {isa = PBXBuildFile; fileRef = 070C067D24744A6A00CB5168 /* InventorySettingsView.swift */; };
		070C068024744A7C00CB5168 /* LogSettingsView.swift in Sources */ = {isa = PBXBuildFile; fileRef = 070C067F24744A7C00CB5168 /* LogSettingsView.swift */; };
		07995E4724721FE6003C0013 /* Assets.xcassets in Resources */ = {isa = PBXBuildFile; fileRef = 07995E3624721FE6003C0013 /* Assets.xcassets */; };
		07995E4824721FE6003C0013 /* Escape_Room_Tool.xcdatamodeld in Sources */ = {isa = PBXBuildFile; fileRef = 07995E3824721FE6003C0013 /* Escape_Room_Tool.xcdatamodeld */; };
		07995E4924721FE6003C0013 /* AppDelegate.swift in Sources */ = {isa = PBXBuildFile; fileRef = 07995E3B24721FE6003C0013 /* AppDelegate.swift */; };
		07995E4A24721FE6003C0013 /* Preview Assets.xcassets in Resources */ = {isa = PBXBuildFile; fileRef = 07995E3E24721FE6003C0013 /* Preview Assets.xcassets */; };
		07995E4C24721FE6003C0013 /* Main.storyboard in Resources */ = {isa = PBXBuildFile; fileRef = 07995E4424721FE6003C0013 /* Main.storyboard */; };
		07995E4D24721FE6003C0013 /* GameView.swift in Sources */ = {isa = PBXBuildFile; fileRef = 07995E4624721FE6003C0013 /* GameView.swift */; };
		07995E5024722DC6003C0013 /* CountdownTimerLogic.swift in Sources */ = {isa = PBXBuildFile; fileRef = 07995E4F24722DC6003C0013 /* CountdownTimerLogic.swift */; };
		07B30FCD2479A9A300662242 /* InventorySettingsLIstView.swift in Sources */ = {isa = PBXBuildFile; fileRef = 07B30FCC2479A9A300662242 /* InventorySettingsLIstView.swift */; };
		07B30FCF2479A9BB00662242 /* InventorySettingsSectionView.swift in Sources */ = {isa = PBXBuildFile; fileRef = 07B30FCE2479A9BB00662242 /* InventorySettingsSectionView.swift */; };
		07B623602472EF4300277D00 /* CountdownView.swift in Sources */ = {isa = PBXBuildFile; fileRef = 07B6235F2472EF4300277D00 /* CountdownView.swift */; };
		07B623622472FFB400277D00 /* RadarUIView.swift in Sources */ = {isa = PBXBuildFile; fileRef = 07B623612472FFB400277D00 /* RadarUIView.swift */; };
		07B62364247300F200277D00 /* RadarView.swift in Sources */ = {isa = PBXBuildFile; fileRef = 07B62363247300F200277D00 /* RadarView.swift */; };
		07B623672473124900277D00 /* radar.mp4 in Resources */ = {isa = PBXBuildFile; fileRef = 07B623662473124900277D00 /* radar.mp4 */; };
		07C1A18424744F16002A883C /* InventoryList.swift in Sources */ = {isa = PBXBuildFile; fileRef = 07C1A18324744F16002A883C /* InventoryList.swift */; };
		07C1A1862474BDB9002A883C /* ViewModifiers.swift in Sources */ = {isa = PBXBuildFile; fileRef = 07C1A1852474BDB9002A883C /* ViewModifiers.swift */; };
		07C1A1882474BDFE002A883C /* ViewExtensions.swift in Sources */ = {isa = PBXBuildFile; fileRef = 07C1A1872474BDFE002A883C /* ViewExtensions.swift */; };
		07C1A18A2474C178002A883C /* SettingsObjects.swift in Sources */ = {isa = PBXBuildFile; fileRef = 07C1A1892474C178002A883C /* SettingsObjects.swift */; };
		07C1A18C2474DA3D002A883C /* LogSettingsListView.swift in Sources */ = {isa = PBXBuildFile; fileRef = 07C1A18B2474DA3D002A883C /* LogSettingsListView.swift */; };
		07C1A18E2474DDD4002A883C /* LogSettingsSectionView.swift in Sources */ = {isa = PBXBuildFile; fileRef = 07C1A18D2474DDD4002A883C /* LogSettingsSectionView.swift */; };
		07C1A190247562BC002A883C /* MultilineTextField.swift in Sources */ = {isa = PBXBuildFile; fileRef = 07C1A18F247562BC002A883C /* MultilineTextField.swift */; };
		07DB86A82475EC3400EF9E6F /* LogTextModalView.swift in Sources */ = {isa = PBXBuildFile; fileRef = 07DB86A72475EC3400EF9E6F /* LogTextModalView.swift */; };
		07DB86AB2475EFB700EF9E6F /* LogButtonView.swift in Sources */ = {isa = PBXBuildFile; fileRef = 07DB86AA2475EFB700EF9E6F /* LogButtonView.swift */; };
		07DB86AD2476096200EF9E6F /* ExitModalView.swift in Sources */ = {isa = PBXBuildFile; fileRef = 07DB86AC2476096200EF9E6F /* ExitModalView.swift */; };
/* End PBXBuildFile section */

/* Begin PBXContainerItemProxy section */
		07212AA4246EC49200F8C83E /* PBXContainerItemProxy */ = {
			isa = PBXContainerItemProxy;
			containerPortal = 07212A83246EC48C00F8C83E /* Project object */;
			proxyType = 1;
			remoteGlobalIDString = 07212A8A246EC48C00F8C83E;
			remoteInfo = "Escape Room Tool";
		};
		07212AAF246EC49200F8C83E /* PBXContainerItemProxy */ = {
			isa = PBXContainerItemProxy;
			containerPortal = 07212A83246EC48C00F8C83E /* Project object */;
			proxyType = 1;
			remoteGlobalIDString = 07212A8A246EC48C00F8C83E;
			remoteInfo = "Escape Room Tool";
		};
/* End PBXContainerItemProxy section */

/* Begin PBXFileReference section */
		070C066324738DDB00CB5168 /* SettingsLogic.swift */ = {isa = PBXFileReference; lastKnownFileType = sourcecode.swift; path = SettingsLogic.swift; sourceTree = "<group>"; };
		070C06682473A20800CB5168 /* HomeView.swift */ = {isa = PBXFileReference; lastKnownFileType = sourcecode.swift; path = HomeView.swift; sourceTree = "<group>"; };
		070C066A2473A2FA00CB5168 /* SetupView.swift */ = {isa = PBXFileReference; lastKnownFileType = sourcecode.swift; path = SetupView.swift; sourceTree = "<group>"; };
		070C066E24741BED00CB5168 /* Enums.swift */ = {isa = PBXFileReference; lastKnownFileType = sourcecode.swift; path = Enums.swift; sourceTree = "<group>"; };
		070C06732474204000CB5168 /* MenuView.swift */ = {isa = PBXFileReference; lastKnownFileType = sourcecode.swift; path = MenuView.swift; sourceTree = "<group>"; };
		070C0675247424DC00CB5168 /* EscapeRoomWindow.swift */ = {isa = PBXFileReference; lastKnownFileType = sourcecode.swift; path = EscapeRoomWindow.swift; sourceTree = "<group>"; };
		070C0677247447CF00CB5168 /* InventoryItemView.swift */ = {isa = PBXFileReference; lastKnownFileType = sourcecode.swift; path = InventoryItemView.swift; sourceTree = "<group>"; };
		070C0679247448C700CB5168 /* LogsView.swift */ = {isa = PBXFileReference; lastKnownFileType = sourcecode.swift; path = LogsView.swift; sourceTree = "<group>"; };
		070C067B24744A5E00CB5168 /* DurationSettingsView.swift */ = {isa = PBXFileReference; lastKnownFileType = sourcecode.swift; path = DurationSettingsView.swift; sourceTree = "<group>"; };
		070C067D24744A6A00CB5168 /* InventorySettingsView.swift */ = {isa = PBXFileReference; lastKnownFileType = sourcecode.swift; path = InventorySettingsView.swift; sourceTree = "<group>"; };
		070C067F24744A7C00CB5168 /* LogSettingsView.swift */ = {isa = PBXFileReference; lastKnownFileType = sourcecode.swift; path = LogSettingsView.swift; sourceTree = "<group>"; };
		07212A8B246EC48C00F8C83E /* Escape Room Tool.app */ = {isa = PBXFileReference; explicitFileType = wrapper.application; includeInIndex = 0; path = "Escape Room Tool.app"; sourceTree = BUILT_PRODUCTS_DIR; };
		07212AA3246EC49200F8C83E /* Escape Room ToolTests.xctest */ = {isa = PBXFileReference; explicitFileType = wrapper.cfbundle; includeInIndex = 0; path = "Escape Room ToolTests.xctest"; sourceTree = BUILT_PRODUCTS_DIR; };
		07212AAE246EC49200F8C83E /* Escape Room ToolUITests.xctest */ = {isa = PBXFileReference; explicitFileType = wrapper.cfbundle; includeInIndex = 0; path = "Escape Room ToolUITests.xctest"; sourceTree = BUILT_PRODUCTS_DIR; };
		07995E3624721FE6003C0013 /* Assets.xcassets */ = {isa = PBXFileReference; lastKnownFileType = folder.assetcatalog; path = Assets.xcassets; sourceTree = "<group>"; };
		07995E3924721FE6003C0013 /* Escape_Room_Tool.xcdatamodel */ = {isa = PBXFileReference; lastKnownFileType = wrapper.xcdatamodel; path = Escape_Room_Tool.xcdatamodel; sourceTree = "<group>"; };
		07995E3B24721FE6003C0013 /* AppDelegate.swift */ = {isa = PBXFileReference; fileEncoding = 4; lastKnownFileType = sourcecode.swift; path = AppDelegate.swift; sourceTree = "<group>"; };
		07995E3E24721FE6003C0013 /* Preview Assets.xcassets */ = {isa = PBXFileReference; lastKnownFileType = folder.assetcatalog; path = "Preview Assets.xcassets"; sourceTree = "<group>"; };
		07995E4024721FE6003C0013 /* Escape_Room_Tool.entitlements */ = {isa = PBXFileReference; fileEncoding = 4; lastKnownFileType = text.plist.entitlements; name = Escape_Room_Tool.entitlements; path = src/SupportingFiles/Escape_Room_Tool.entitlements; sourceTree = SOURCE_ROOT; };
		07995E4124721FE6003C0013 /* Info.plist */ = {isa = PBXFileReference; fileEncoding = 4; lastKnownFileType = text.plist.xml; name = Info.plist; path = src/SupportingFiles/Info.plist; sourceTree = SOURCE_ROOT; };
		07995E4524721FE6003C0013 /* Base */ = {isa = PBXFileReference; lastKnownFileType = file.storyboard; name = Base; path = Base.lproj/Main.storyboard; sourceTree = "<group>"; };
		07995E4624721FE6003C0013 /* GameView.swift */ = {isa = PBXFileReference; fileEncoding = 4; lastKnownFileType = sourcecode.swift; name = GameView.swift; path = src/Views/GameView.swift; sourceTree = SOURCE_ROOT; };
		07995E4F24722DC6003C0013 /* CountdownTimerLogic.swift */ = {isa = PBXFileReference; lastKnownFileType = sourcecode.swift; path = CountdownTimerLogic.swift; sourceTree = "<group>"; };
		07B30FCC2479A9A300662242 /* InventorySettingsLIstView.swift */ = {isa = PBXFileReference; lastKnownFileType = sourcecode.swift; path = InventorySettingsLIstView.swift; sourceTree = "<group>"; };
		07B30FCE2479A9BB00662242 /* InventorySettingsSectionView.swift */ = {isa = PBXFileReference; lastKnownFileType = sourcecode.swift; path = InventorySettingsSectionView.swift; sourceTree = "<group>"; };
		07B6235F2472EF4300277D00 /* CountdownView.swift */ = {isa = PBXFileReference; lastKnownFileType = sourcecode.swift; path = CountdownView.swift; sourceTree = "<group>"; };
		07B623612472FFB400277D00 /* RadarUIView.swift */ = {isa = PBXFileReference; lastKnownFileType = sourcecode.swift; path = RadarUIView.swift; sourceTree = "<group>"; };
		07B62363247300F200277D00 /* RadarView.swift */ = {isa = PBXFileReference; lastKnownFileType = sourcecode.swift; path = RadarView.swift; sourceTree = "<group>"; };
		07B623662473124900277D00 /* radar.mp4 */ = {isa = PBXFileReference; lastKnownFileType = file; path = radar.mp4; sourceTree = "<group>"; };
		07C1A18324744F16002A883C /* InventoryList.swift */ = {isa = PBXFileReference; lastKnownFileType = sourcecode.swift; path = InventoryList.swift; sourceTree = "<group>"; };
		07C1A1852474BDB9002A883C /* ViewModifiers.swift */ = {isa = PBXFileReference; lastKnownFileType = sourcecode.swift; path = ViewModifiers.swift; sourceTree = "<group>"; };
		07C1A1872474BDFE002A883C /* ViewExtensions.swift */ = {isa = PBXFileReference; lastKnownFileType = sourcecode.swift; path = ViewExtensions.swift; sourceTree = "<group>"; };
		07C1A1892474C178002A883C /* SettingsObjects.swift */ = {isa = PBXFileReference; lastKnownFileType = sourcecode.swift; path = SettingsObjects.swift; sourceTree = "<group>"; };
		07C1A18B2474DA3D002A883C /* LogSettingsListView.swift */ = {isa = PBXFileReference; lastKnownFileType = sourcecode.swift; path = LogSettingsListView.swift; sourceTree = "<group>"; };
		07C1A18D2474DDD4002A883C /* LogSettingsSectionView.swift */ = {isa = PBXFileReference; lastKnownFileType = sourcecode.swift; path = LogSettingsSectionView.swift; sourceTree = "<group>"; };
		07C1A18F247562BC002A883C /* MultilineTextField.swift */ = {isa = PBXFileReference; lastKnownFileType = sourcecode.swift; path = MultilineTextField.swift; sourceTree = "<group>"; };
		07DB86A72475EC3400EF9E6F /* LogTextModalView.swift */ = {isa = PBXFileReference; lastKnownFileType = sourcecode.swift; path = LogTextModalView.swift; sourceTree = "<group>"; };
		07DB86AA2475EFB700EF9E6F /* LogButtonView.swift */ = {isa = PBXFileReference; lastKnownFileType = sourcecode.swift; path = LogButtonView.swift; sourceTree = "<group>"; };
		07DB86AC2476096200EF9E6F /* ExitModalView.swift */ = {isa = PBXFileReference; lastKnownFileType = sourcecode.swift; path = ExitModalView.swift; sourceTree = "<group>"; };
/* End PBXFileReference section */

/* Begin PBXFrameworksBuildPhase section */
		07212A88246EC48C00F8C83E /* Frameworks */ = {
			isa = PBXFrameworksBuildPhase;
			buildActionMask = 2147483647;
			files = (
			);
			runOnlyForDeploymentPostprocessing = 0;
		};
		07212AA0246EC49200F8C83E /* Frameworks */ = {
			isa = PBXFrameworksBuildPhase;
			buildActionMask = 2147483647;
			files = (
			);
			runOnlyForDeploymentPostprocessing = 0;
		};
		07212AAB246EC49200F8C83E /* Frameworks */ = {
			isa = PBXFrameworksBuildPhase;
			buildActionMask = 2147483647;
			files = (
			);
			runOnlyForDeploymentPostprocessing = 0;
		};
/* End PBXFrameworksBuildPhase section */

/* Begin PBXGroup section */
		070C06652473922700CB5168 /* Game */ = {
			isa = PBXGroup;
			children = (
				07995E4624721FE6003C0013 /* GameView.swift */,
				07B6235F2472EF4300277D00 /* CountdownView.swift */,
				07B623612472FFB400277D00 /* RadarUIView.swift */,
				07B62363247300F200277D00 /* RadarView.swift */,
				070C0677247447CF00CB5168 /* InventoryItemView.swift */,
				07C1A18324744F16002A883C /* InventoryList.swift */,
				07DB86AA2475EFB700EF9E6F /* LogButtonView.swift */,
				07DB86A72475EC3400EF9E6F /* LogTextModalView.swift */,
				070C0679247448C700CB5168 /* LogsView.swift */,
				07DB86AC2476096200EF9E6F /* ExitModalView.swift */,
			);
			path = Game;
			sourceTree = "<group>";
		};
		070C06662473A0F600CB5168 /* Home */ = {
			isa = PBXGroup;
			children = (
				070C06682473A20800CB5168 /* HomeView.swift */,
			);
			path = Home;
			sourceTree = "<group>";
		};
		070C06672473A0FE00CB5168 /* Setup */ = {
			isa = PBXGroup;
			children = (
				070C066A2473A2FA00CB5168 /* SetupView.swift */,
				070C067B24744A5E00CB5168 /* DurationSettingsView.swift */,
				070C067D24744A6A00CB5168 /* InventorySettingsView.swift */,
				07B30FCC2479A9A300662242 /* InventorySettingsLIstView.swift */,
				07B30FCE2479A9BB00662242 /* InventorySettingsSectionView.swift */,
				070C067F24744A7C00CB5168 /* LogSettingsView.swift */,
				07C1A18B2474DA3D002A883C /* LogSettingsListView.swift */,
				07C1A18D2474DDD4002A883C /* LogSettingsSectionView.swift */,
			);
			path = Setup;
			sourceTree = "<group>";
		};
		070C06722474202400CB5168 /* Menu */ = {
			isa = PBXGroup;
			children = (
				070C06732474204000CB5168 /* MenuView.swift */,
			);
			path = Menu;
			sourceTree = "<group>";
		};
		07212A82246EC48C00F8C83E = {
			isa = PBXGroup;
			children = (
				07995E3424721FE6003C0013 /* src */,
				07212A8C246EC48C00F8C83E /* Products */,
			);
			sourceTree = "<group>";
		};
		07212A8C246EC48C00F8C83E /* Products */ = {
			isa = PBXGroup;
			children = (
				07212A8B246EC48C00F8C83E /* Escape Room Tool.app */,
				07212AA3246EC49200F8C83E /* Escape Room ToolTests.xctest */,
				07212AAE246EC49200F8C83E /* Escape Room ToolUITests.xctest */,
			);
			name = Products;
			sourceTree = "<group>";
		};
		07995E3424721FE6003C0013 /* src */ = {
			isa = PBXGroup;
			children = (
				07995E3A24721FE6003C0013 /* AppStart */,
				07995E4E24722BF1003C0013 /* Logic */,
				07995E3724721FE6003C0013 /* Objects */,
				07995E4324721FE6003C0013 /* Views */,
				07995E3C24721FE6003C0013 /* Preview */,
				07995E3524721FE6003C0013 /* Resources */,
				07995E3F24721FE6003C0013 /* SupportingFiles */,
			);
			path = src;
			sourceTree = "<group>";
		};
		07995E3524721FE6003C0013 /* Resources */ = {
			isa = PBXGroup;
			children = (
				07B623662473124900277D00 /* radar.mp4 */,
				07995E3624721FE6003C0013 /* Assets.xcassets */,
			);
			path = Resources;
			sourceTree = "<group>";
		};
		07995E3724721FE6003C0013 /* Objects */ = {
			isa = PBXGroup;
			children = (
				07995E3824721FE6003C0013 /* Escape_Room_Tool.xcdatamodeld */,
				070C066E24741BED00CB5168 /* Enums.swift */,
				070C0675247424DC00CB5168 /* EscapeRoomWindow.swift */,
				07C1A1852474BDB9002A883C /* ViewModifiers.swift */,
				07C1A1872474BDFE002A883C /* ViewExtensions.swift */,
				07C1A1892474C178002A883C /* SettingsObjects.swift */,
				07C1A18F247562BC002A883C /* MultilineTextField.swift */,
			);
			path = Objects;
			sourceTree = "<group>";
		};
		07995E3A24721FE6003C0013 /* AppStart */ = {
			isa = PBXGroup;
			children = (
				07995E3B24721FE6003C0013 /* AppDelegate.swift */,
			);
			path = AppStart;
			sourceTree = "<group>";
		};
		07995E3C24721FE6003C0013 /* Preview */ = {
			isa = PBXGroup;
			children = (
				07995E3D24721FE6003C0013 /* Preview Content */,
			);
			path = Preview;
			sourceTree = "<group>";
		};
		07995E3D24721FE6003C0013 /* Preview Content */ = {
			isa = PBXGroup;
			children = (
				07995E3E24721FE6003C0013 /* Preview Assets.xcassets */,
			);
			name = "Preview Content";
			path = "src/Preview/Preview Content";
			sourceTree = SOURCE_ROOT;
		};
		07995E3F24721FE6003C0013 /* SupportingFiles */ = {
			isa = PBXGroup;
			children = (
				07995E4024721FE6003C0013 /* Escape_Room_Tool.entitlements */,
				07995E4124721FE6003C0013 /* Info.plist */,
			);
			path = SupportingFiles;
			sourceTree = "<group>";
		};
		07995E4324721FE6003C0013 /* Views */ = {
			isa = PBXGroup;
			children = (
				070C06662473A0F600CB5168 /* Home */,
				070C06722474202400CB5168 /* Menu */,
				070C06652473922700CB5168 /* Game */,
				070C06672473A0FE00CB5168 /* Setup */,
				07995E4424721FE6003C0013 /* Main.storyboard */,
			);
			path = Views;
			sourceTree = "<group>";
		};
		07995E4E24722BF1003C0013 /* Logic */ = {
			isa = PBXGroup;
			children = (
				07995E4F24722DC6003C0013 /* CountdownTimerLogic.swift */,
				070C066324738DDB00CB5168 /* SettingsLogic.swift */,
			);
			path = Logic;
			sourceTree = "<group>";
		};
/* End PBXGroup section */

/* Begin PBXNativeTarget section */
		07212A8A246EC48C00F8C83E /* Escape Room Tool */ = {
			isa = PBXNativeTarget;
			buildConfigurationList = 07212AB7246EC49200F8C83E /* Build configuration list for PBXNativeTarget "Escape Room Tool" */;
			buildPhases = (
				07212A87246EC48C00F8C83E /* Sources */,
				07212A88246EC48C00F8C83E /* Frameworks */,
				07212A89246EC48C00F8C83E /* Resources */,
			);
			buildRules = (
			);
			dependencies = (
			);
			name = "Escape Room Tool";
			productName = "Escape Room Tool";
			productReference = 07212A8B246EC48C00F8C83E /* Escape Room Tool.app */;
			productType = "com.apple.product-type.application";
		};
		07212AA2246EC49200F8C83E /* Escape Room ToolTests */ = {
			isa = PBXNativeTarget;
			buildConfigurationList = 07212ABA246EC49200F8C83E /* Build configuration list for PBXNativeTarget "Escape Room ToolTests" */;
			buildPhases = (
				07212A9F246EC49200F8C83E /* Sources */,
				07212AA0246EC49200F8C83E /* Frameworks */,
				07212AA1246EC49200F8C83E /* Resources */,
			);
			buildRules = (
			);
			dependencies = (
				07212AA5246EC49200F8C83E /* PBXTargetDependency */,
			);
			name = "Escape Room ToolTests";
			productName = "Escape Room ToolTests";
			productReference = 07212AA3246EC49200F8C83E /* Escape Room ToolTests.xctest */;
			productType = "com.apple.product-type.bundle.unit-test";
		};
		07212AAD246EC49200F8C83E /* Escape Room ToolUITests */ = {
			isa = PBXNativeTarget;
			buildConfigurationList = 07212ABD246EC49200F8C83E /* Build configuration list for PBXNativeTarget "Escape Room ToolUITests" */;
			buildPhases = (
				07212AAA246EC49200F8C83E /* Sources */,
				07212AAB246EC49200F8C83E /* Frameworks */,
				07212AAC246EC49200F8C83E /* Resources */,
			);
			buildRules = (
			);
			dependencies = (
				07212AB0246EC49200F8C83E /* PBXTargetDependency */,
			);
			name = "Escape Room ToolUITests";
			productName = "Escape Room ToolUITests";
			productReference = 07212AAE246EC49200F8C83E /* Escape Room ToolUITests.xctest */;
			productType = "com.apple.product-type.bundle.ui-testing";
		};
/* End PBXNativeTarget section */

/* Begin PBXProject section */
		07212A83246EC48C00F8C83E /* Project object */ = {
			isa = PBXProject;
			attributes = {
				LastSwiftUpdateCheck = 1140;
				LastUpgradeCheck = 1150;
				ORGANIZATIONNAME = "WE Develop";
				TargetAttributes = {
					07212A8A246EC48C00F8C83E = {
						CreatedOnToolsVersion = 11.4.1;
					};
					07212AA2246EC49200F8C83E = {
						CreatedOnToolsVersion = 11.4.1;
						TestTargetID = 07212A8A246EC48C00F8C83E;
					};
					07212AAD246EC49200F8C83E = {
						CreatedOnToolsVersion = 11.4.1;
						TestTargetID = 07212A8A246EC48C00F8C83E;
					};
				};
			};
			buildConfigurationList = 07212A86246EC48C00F8C83E /* Build configuration list for PBXProject "Escape Room Tool" */;
			compatibilityVersion = "Xcode 9.3";
			developmentRegion = en;
			hasScannedForEncodings = 0;
			knownRegions = (
				en,
				Base,
			);
			mainGroup = 07212A82246EC48C00F8C83E;
			productRefGroup = 07212A8C246EC48C00F8C83E /* Products */;
			projectDirPath = "";
			projectRoot = "";
			targets = (
				07212A8A246EC48C00F8C83E /* Escape Room Tool */,
				07212AA2246EC49200F8C83E /* Escape Room ToolTests */,
				07212AAD246EC49200F8C83E /* Escape Room ToolUITests */,
			);
		};
/* End PBXProject section */

/* Begin PBXResourcesBuildPhase section */
		07212A89246EC48C00F8C83E /* Resources */ = {
			isa = PBXResourcesBuildPhase;
			buildActionMask = 2147483647;
			files = (
				07995E4C24721FE6003C0013 /* Main.storyboard in Resources */,
				07995E4A24721FE6003C0013 /* Preview Assets.xcassets in Resources */,
				07B623672473124900277D00 /* radar.mp4 in Resources */,
				07995E4724721FE6003C0013 /* Assets.xcassets in Resources */,
			);
			runOnlyForDeploymentPostprocessing = 0;
		};
		07212AA1246EC49200F8C83E /* Resources */ = {
			isa = PBXResourcesBuildPhase;
			buildActionMask = 2147483647;
			files = (
			);
			runOnlyForDeploymentPostprocessing = 0;
		};
		07212AAC246EC49200F8C83E /* Resources */ = {
			isa = PBXResourcesBuildPhase;
			buildActionMask = 2147483647;
			files = (
			);
			runOnlyForDeploymentPostprocessing = 0;
		};
/* End PBXResourcesBuildPhase section */

/* Begin PBXSourcesBuildPhase section */
		07212A87246EC48C00F8C83E /* Sources */ = {
			isa = PBXSourcesBuildPhase;
			buildActionMask = 2147483647;
			files = (
				07DB86A82475EC3400EF9E6F /* LogTextModalView.swift in Sources */,
				07DB86AB2475EFB700EF9E6F /* LogButtonView.swift in Sources */,
				070C066424738DDB00CB5168 /* SettingsLogic.swift in Sources */,
				07C1A1882474BDFE002A883C /* ViewExtensions.swift in Sources */,
				07B623602472EF4300277D00 /* CountdownView.swift in Sources */,
				070C0676247424DC00CB5168 /* EscapeRoomWindow.swift in Sources */,
				07C1A18424744F16002A883C /* InventoryList.swift in Sources */,
				07C1A190247562BC002A883C /* MultilineTextField.swift in Sources */,
				07995E4D24721FE6003C0013 /* GameView.swift in Sources */,
				070C06692473A20800CB5168 /* HomeView.swift in Sources */,
				070C0678247447CF00CB5168 /* InventoryItemView.swift in Sources */,
				070C066B2473A2FA00CB5168 /* SetupView.swift in Sources */,
				07C1A18C2474DA3D002A883C /* LogSettingsListView.swift in Sources */,
				07B623622472FFB400277D00 /* RadarUIView.swift in Sources */,
				07C1A18E2474DDD4002A883C /* LogSettingsSectionView.swift in Sources */,
				070C067C24744A5F00CB5168 /* DurationSettingsView.swift in Sources */,
				070C067E24744A6A00CB5168 /* InventorySettingsView.swift in Sources */,
				07995E4924721FE6003C0013 /* AppDelegate.swift in Sources */,
				070C06742474204000CB5168 /* MenuView.swift in Sources */,
				07995E5024722DC6003C0013 /* CountdownTimerLogic.swift in Sources */,
				07DB86AD2476096200EF9E6F /* ExitModalView.swift in Sources */,
				07B30FCF2479A9BB00662242 /* InventorySettingsSectionView.swift in Sources */,
				07995E4824721FE6003C0013 /* Escape_Room_Tool.xcdatamodeld in Sources */,
				07C1A1862474BDB9002A883C /* ViewModifiers.swift in Sources */,
				07B62364247300F200277D00 /* RadarView.swift in Sources */,
				070C067A247448C800CB5168 /* LogsView.swift in Sources */,
				07B30FCD2479A9A300662242 /* InventorySettingsLIstView.swift in Sources */,
				070C066F24741BED00CB5168 /* Enums.swift in Sources */,
				07C1A18A2474C178002A883C /* SettingsObjects.swift in Sources */,
				070C068024744A7C00CB5168 /* LogSettingsView.swift in Sources */,
			);
			runOnlyForDeploymentPostprocessing = 0;
		};
		07212A9F246EC49200F8C83E /* Sources */ = {
			isa = PBXSourcesBuildPhase;
			buildActionMask = 2147483647;
			files = (
			);
			runOnlyForDeploymentPostprocessing = 0;
		};
		07212AAA246EC49200F8C83E /* Sources */ = {
			isa = PBXSourcesBuildPhase;
			buildActionMask = 2147483647;
			files = (
			);
			runOnlyForDeploymentPostprocessing = 0;
		};
/* End PBXSourcesBuildPhase section */

/* Begin PBXTargetDependency section */
		07212AA5246EC49200F8C83E /* PBXTargetDependency */ = {
			isa = PBXTargetDependency;
			target = 07212A8A246EC48C00F8C83E /* Escape Room Tool */;
			targetProxy = 07212AA4246EC49200F8C83E /* PBXContainerItemProxy */;
		};
		07212AB0246EC49200F8C83E /* PBXTargetDependency */ = {
			isa = PBXTargetDependency;
			target = 07212A8A246EC48C00F8C83E /* Escape Room Tool */;
			targetProxy = 07212AAF246EC49200F8C83E /* PBXContainerItemProxy */;
		};
/* End PBXTargetDependency section */

/* Begin PBXVariantGroup section */
		07995E4424721FE6003C0013 /* Main.storyboard */ = {
			isa = PBXVariantGroup;
			children = (
				07995E4524721FE6003C0013 /* Base */,
			);
			name = Main.storyboard;
			sourceTree = "<group>";
		};
/* End PBXVariantGroup section */

/* Begin XCBuildConfiguration section */
		07212AB5246EC49200F8C83E /* Debug */ = {
			isa = XCBuildConfiguration;
			buildSettings = {
				ALWAYS_SEARCH_USER_PATHS = NO;
				CLANG_ANALYZER_NONNULL = YES;
				CLANG_ANALYZER_NUMBER_OBJECT_CONVERSION = YES_AGGRESSIVE;
				CLANG_CXX_LANGUAGE_STANDARD = "gnu++14";
				CLANG_CXX_LIBRARY = "libc++";
				CLANG_ENABLE_MODULES = YES;
				CLANG_ENABLE_OBJC_ARC = YES;
				CLANG_ENABLE_OBJC_WEAK = YES;
				CLANG_WARN_BLOCK_CAPTURE_AUTORELEASING = YES;
				CLANG_WARN_BOOL_CONVERSION = YES;
				CLANG_WARN_COMMA = YES;
				CLANG_WARN_CONSTANT_CONVERSION = YES;
				CLANG_WARN_DEPRECATED_OBJC_IMPLEMENTATIONS = YES;
				CLANG_WARN_DIRECT_OBJC_ISA_USAGE = YES_ERROR;
				CLANG_WARN_DOCUMENTATION_COMMENTS = YES;
				CLANG_WARN_EMPTY_BODY = YES;
				CLANG_WARN_ENUM_CONVERSION = YES;
				CLANG_WARN_INFINITE_RECURSION = YES;
				CLANG_WARN_INT_CONVERSION = YES;
				CLANG_WARN_NON_LITERAL_NULL_CONVERSION = YES;
				CLANG_WARN_OBJC_IMPLICIT_RETAIN_SELF = YES;
				CLANG_WARN_OBJC_LITERAL_CONVERSION = YES;
				CLANG_WARN_OBJC_ROOT_CLASS = YES_ERROR;
				CLANG_WARN_RANGE_LOOP_ANALYSIS = YES;
				CLANG_WARN_STRICT_PROTOTYPES = YES;
				CLANG_WARN_SUSPICIOUS_MOVE = YES;
				CLANG_WARN_UNGUARDED_AVAILABILITY = YES_AGGRESSIVE;
				CLANG_WARN_UNREACHABLE_CODE = YES;
				CLANG_WARN__DUPLICATE_METHOD_MATCH = YES;
				COPY_PHASE_STRIP = NO;
				DEBUG_INFORMATION_FORMAT = dwarf;
				ENABLE_STRICT_OBJC_MSGSEND = YES;
				ENABLE_TESTABILITY = YES;
				GCC_C_LANGUAGE_STANDARD = gnu11;
				GCC_DYNAMIC_NO_PIC = NO;
				GCC_NO_COMMON_BLOCKS = YES;
				GCC_OPTIMIZATION_LEVEL = 0;
				GCC_PREPROCESSOR_DEFINITIONS = (
					"DEBUG=1",
					"$(inherited)",
				);
				GCC_WARN_64_TO_32_BIT_CONVERSION = YES;
				GCC_WARN_ABOUT_RETURN_TYPE = YES_ERROR;
				GCC_WARN_UNDECLARED_SELECTOR = YES;
				GCC_WARN_UNINITIALIZED_AUTOS = YES_AGGRESSIVE;
				GCC_WARN_UNUSED_FUNCTION = YES;
				GCC_WARN_UNUSED_VARIABLE = YES;
				"INFOPLIST_FILE[sdk=*]" = src/SupportingFiles/Info.plist;
				MACOSX_DEPLOYMENT_TARGET = 10.15;
				MTL_ENABLE_DEBUG_INFO = INCLUDE_SOURCE;
				MTL_FAST_MATH = YES;
				ONLY_ACTIVE_ARCH = YES;
				SDKROOT = macosx;
				SWIFT_ACTIVE_COMPILATION_CONDITIONS = DEBUG;
				SWIFT_OPTIMIZATION_LEVEL = "-Onone";
			};
			name = Debug;
		};
		07212AB6246EC49200F8C83E /* Release */ = {
			isa = XCBuildConfiguration;
			buildSettings = {
				ALWAYS_SEARCH_USER_PATHS = NO;
				CLANG_ANALYZER_NONNULL = YES;
				CLANG_ANALYZER_NUMBER_OBJECT_CONVERSION = YES_AGGRESSIVE;
				CLANG_CXX_LANGUAGE_STANDARD = "gnu++14";
				CLANG_CXX_LIBRARY = "libc++";
				CLANG_ENABLE_MODULES = YES;
				CLANG_ENABLE_OBJC_ARC = YES;
				CLANG_ENABLE_OBJC_WEAK = YES;
				CLANG_WARN_BLOCK_CAPTURE_AUTORELEASING = YES;
				CLANG_WARN_BOOL_CONVERSION = YES;
				CLANG_WARN_COMMA = YES;
				CLANG_WARN_CONSTANT_CONVERSION = YES;
				CLANG_WARN_DEPRECATED_OBJC_IMPLEMENTATIONS = YES;
				CLANG_WARN_DIRECT_OBJC_ISA_USAGE = YES_ERROR;
				CLANG_WARN_DOCUMENTATION_COMMENTS = YES;
				CLANG_WARN_EMPTY_BODY = YES;
				CLANG_WARN_ENUM_CONVERSION = YES;
				CLANG_WARN_INFINITE_RECURSION = YES;
				CLANG_WARN_INT_CONVERSION = YES;
				CLANG_WARN_NON_LITERAL_NULL_CONVERSION = YES;
				CLANG_WARN_OBJC_IMPLICIT_RETAIN_SELF = YES;
				CLANG_WARN_OBJC_LITERAL_CONVERSION = YES;
				CLANG_WARN_OBJC_ROOT_CLASS = YES_ERROR;
				CLANG_WARN_RANGE_LOOP_ANALYSIS = YES;
				CLANG_WARN_STRICT_PROTOTYPES = YES;
				CLANG_WARN_SUSPICIOUS_MOVE = YES;
				CLANG_WARN_UNGUARDED_AVAILABILITY = YES_AGGRESSIVE;
				CLANG_WARN_UNREACHABLE_CODE = YES;
				CLANG_WARN__DUPLICATE_METHOD_MATCH = YES;
				COPY_PHASE_STRIP = NO;
				DEBUG_INFORMATION_FORMAT = "dwarf-with-dsym";
				ENABLE_NS_ASSERTIONS = NO;
				ENABLE_STRICT_OBJC_MSGSEND = YES;
				GCC_C_LANGUAGE_STANDARD = gnu11;
				GCC_NO_COMMON_BLOCKS = YES;
				GCC_WARN_64_TO_32_BIT_CONVERSION = YES;
				GCC_WARN_ABOUT_RETURN_TYPE = YES_ERROR;
				GCC_WARN_UNDECLARED_SELECTOR = YES;
				GCC_WARN_UNINITIALIZED_AUTOS = YES_AGGRESSIVE;
				GCC_WARN_UNUSED_FUNCTION = YES;
				GCC_WARN_UNUSED_VARIABLE = YES;
				"INFOPLIST_FILE[sdk=*]" = src/SupportingFiles/Info.plist;
				MACOSX_DEPLOYMENT_TARGET = 10.15;
				MTL_ENABLE_DEBUG_INFO = NO;
				MTL_FAST_MATH = YES;
				SDKROOT = macosx;
				SWIFT_COMPILATION_MODE = wholemodule;
				SWIFT_OPTIMIZATION_LEVEL = "-O";
			};
			name = Release;
		};
		07212AB8246EC49200F8C83E /* Debug */ = {
			isa = XCBuildConfiguration;
			buildSettings = {
				ASSETCATALOG_COMPILER_APPICON_NAME = AppIcon;
				CODE_SIGN_ENTITLEMENTS = src/SupportingFiles/Escape_Room_Tool.entitlements;
				CODE_SIGN_IDENTITY = "-";
				CODE_SIGN_STYLE = Automatic;
				COMBINE_HIDPI_IMAGES = YES;
				DEVELOPMENT_ASSET_PATHS = "";
				ENABLE_PREVIEWS = YES;
				INFOPLIST_FILE = src/SupportingFiles/Info.plist;
				LD_RUNPATH_SEARCH_PATHS = (
					"$(inherited)",
					"@executable_path/../Frameworks",
				);
				MACOSX_DEPLOYMENT_TARGET = 10.15;
				PRODUCT_BUNDLE_IDENTIFIER = "WEDevlop.Escape-Room-Tool";
				PRODUCT_NAME = "$(TARGET_NAME)";
				SWIFT_VERSION = 5.0;
			};
			name = Debug;
		};
		07212AB9246EC49200F8C83E /* Release */ = {
			isa = XCBuildConfiguration;
			buildSettings = {
				ASSETCATALOG_COMPILER_APPICON_NAME = AppIcon;
				CODE_SIGN_ENTITLEMENTS = src/SupportingFiles/Escape_Room_Tool.entitlements;
				CODE_SIGN_IDENTITY = "-";
				CODE_SIGN_STYLE = Automatic;
				COMBINE_HIDPI_IMAGES = YES;
				DEVELOPMENT_ASSET_PATHS = "";
				ENABLE_PREVIEWS = YES;
				INFOPLIST_FILE = src/SupportingFiles/Info.plist;
				LD_RUNPATH_SEARCH_PATHS = (
					"$(inherited)",
					"@executable_path/../Frameworks",
				);
				MACOSX_DEPLOYMENT_TARGET = 10.15;
				PRODUCT_BUNDLE_IDENTIFIER = "WEDevlop.Escape-Room-Tool";
				PRODUCT_NAME = "$(TARGET_NAME)";
				SWIFT_VERSION = 5.0;
			};
			name = Release;
		};
		07212ABB246EC49200F8C83E /* Debug */ = {
			isa = XCBuildConfiguration;
			buildSettings = {
				ALWAYS_EMBED_SWIFT_STANDARD_LIBRARIES = YES;
				BUNDLE_LOADER = "$(TEST_HOST)";
				CODE_SIGN_STYLE = Automatic;
				COMBINE_HIDPI_IMAGES = YES;
				INFOPLIST_FILE = "Escape Room ToolTests/Info.plist";
				LD_RUNPATH_SEARCH_PATHS = (
					"$(inherited)",
					"@executable_path/../Frameworks",
					"@loader_path/../Frameworks",
				);
				MACOSX_DEPLOYMENT_TARGET = 10.15;
				PRODUCT_BUNDLE_IDENTIFIER = "WEDevlop.Escape-Room-ToolTests";
				PRODUCT_NAME = "$(TARGET_NAME)";
				SWIFT_VERSION = 5.0;
				TEST_HOST = "$(BUILT_PRODUCTS_DIR)/Escape Room Tool.app/Contents/MacOS/Escape Room Tool";
			};
			name = Debug;
		};
		07212ABC246EC49200F8C83E /* Release */ = {
			isa = XCBuildConfiguration;
			buildSettings = {
				ALWAYS_EMBED_SWIFT_STANDARD_LIBRARIES = YES;
				BUNDLE_LOADER = "$(TEST_HOST)";
				CODE_SIGN_STYLE = Automatic;
				COMBINE_HIDPI_IMAGES = YES;
				INFOPLIST_FILE = "Escape Room ToolTests/Info.plist";
				LD_RUNPATH_SEARCH_PATHS = (
					"$(inherited)",
					"@executable_path/../Frameworks",
					"@loader_path/../Frameworks",
				);
				MACOSX_DEPLOYMENT_TARGET = 10.15;
				PRODUCT_BUNDLE_IDENTIFIER = "WEDevlop.Escape-Room-ToolTests";
				PRODUCT_NAME = "$(TARGET_NAME)";
				SWIFT_VERSION = 5.0;
				TEST_HOST = "$(BUILT_PRODUCTS_DIR)/Escape Room Tool.app/Contents/MacOS/Escape Room Tool";
			};
			name = Release;
		};
		07212ABE246EC49200F8C83E /* Debug */ = {
			isa = XCBuildConfiguration;
			buildSettings = {
				ALWAYS_EMBED_SWIFT_STANDARD_LIBRARIES = YES;
				CODE_SIGN_STYLE = Automatic;
				COMBINE_HIDPI_IMAGES = YES;
				INFOPLIST_FILE = "Escape Room ToolUITests/Info.plist";
				LD_RUNPATH_SEARCH_PATHS = (
					"$(inherited)",
					"@executable_path/../Frameworks",
					"@loader_path/../Frameworks",
				);
				PRODUCT_BUNDLE_IDENTIFIER = "WEDevlop.Escape-Room-ToolUITests";
				PRODUCT_NAME = "$(TARGET_NAME)";
				SWIFT_VERSION = 5.0;
				TEST_TARGET_NAME = "Escape Room Tool";
			};
			name = Debug;
		};
		07212ABF246EC49200F8C83E /* Release */ = {
			isa = XCBuildConfiguration;
			buildSettings = {
				ALWAYS_EMBED_SWIFT_STANDARD_LIBRARIES = YES;
				CODE_SIGN_STYLE = Automatic;
				COMBINE_HIDPI_IMAGES = YES;
				INFOPLIST_FILE = "Escape Room ToolUITests/Info.plist";
				LD_RUNPATH_SEARCH_PATHS = (
					"$(inherited)",
					"@executable_path/../Frameworks",
					"@loader_path/../Frameworks",
				);
				PRODUCT_BUNDLE_IDENTIFIER = "WEDevlop.Escape-Room-ToolUITests";
				PRODUCT_NAME = "$(TARGET_NAME)";
				SWIFT_VERSION = 5.0;
				TEST_TARGET_NAME = "Escape Room Tool";
			};
			name = Release;
		};
/* End XCBuildConfiguration section */

/* Begin XCConfigurationList section */
		07212A86246EC48C00F8C83E /* Build configuration list for PBXProject "Escape Room Tool" */ = {
			isa = XCConfigurationList;
			buildConfigurations = (
				07212AB5246EC49200F8C83E /* Debug */,
				07212AB6246EC49200F8C83E /* Release */,
			);
			defaultConfigurationIsVisible = 0;
			defaultConfigurationName = Release;
		};
		07212AB7246EC49200F8C83E /* Build configuration list for PBXNativeTarget "Escape Room Tool" */ = {
			isa = XCConfigurationList;
			buildConfigurations = (
				07212AB8246EC49200F8C83E /* Debug */,
				07212AB9246EC49200F8C83E /* Release */,
			);
			defaultConfigurationIsVisible = 0;
			defaultConfigurationName = Release;
		};
		07212ABA246EC49200F8C83E /* Build configuration list for PBXNativeTarget "Escape Room ToolTests" */ = {
			isa = XCConfigurationList;
			buildConfigurations = (
				07212ABB246EC49200F8C83E /* Debug */,
				07212ABC246EC49200F8C83E /* Release */,
			);
			defaultConfigurationIsVisible = 0;
			defaultConfigurationName = Release;
		};
		07212ABD246EC49200F8C83E /* Build configuration list for PBXNativeTarget "Escape Room ToolUITests" */ = {
			isa = XCConfigurationList;
			buildConfigurations = (
				07212ABE246EC49200F8C83E /* Debug */,
				07212ABF246EC49200F8C83E /* Release */,
			);
			defaultConfigurationIsVisible = 0;
			defaultConfigurationName = Release;
		};
/* End XCConfigurationList section */

/* Begin XCVersionGroup section */
		07995E3824721FE6003C0013 /* Escape_Room_Tool.xcdatamodeld */ = {
			isa = XCVersionGroup;
			children = (
				07995E3924721FE6003C0013 /* Escape_Room_Tool.xcdatamodel */,
			);
			currentVersion = 07995E3924721FE6003C0013 /* Escape_Room_Tool.xcdatamodel */;
			path = Escape_Room_Tool.xcdatamodeld;
			sourceTree = "<group>";
			versionGroupType = wrapper.xcdatamodel;
		};
/* End XCVersionGroup section */
	};
	rootObject = 07212A83246EC48C00F8C83E /* Project object */;
}
